# THIS IS AN AUTOGENERATED FILE. DO NOT EDIT THIS FILE DIRECTLY.
# yarn lockfile v1


babylonjs@4.0.0-alpha.11:
  version "4.0.0-alpha.11"
  resolved "https://registry.yarnpkg.com/babylonjs/-/babylonjs-4.0.0-alpha.11.tgz#74479ddf887be872d31c75ab1126e9cd0fc647c5"
  integrity sha512-IuJXNiGqdCheN/TGhBsjarOCOu7Uv9drXqSbgDTofHspkuAU4dPDugNer+q02eIlJ/jww0v3eniQ3otWySIDpQ==
